
Microsoft Visual Studio Solution File, Format Version 12.00
# Visual Studio Version 17
VisualStudioVersion = 17.11.35303.130
MinimumVisualStudioVersion = 10.0.40219.1
Project("{FAE04EC0-301F-11D3-BF4B-00C04F79EFBC}") = "Magicite", "Magicite.csproj", "{A32C8571-5913-4A6A-9FB3-2F3876FCBE54}"
EndProject
Project("{9A19103F-16F7-4668-BE54-9A1E7A4F7556}") = "Syldra", "..\..\Syldra\Syldra\Syldra.csproj", "{C67E0311-54B9-4759-B8FD-80F8426FA793}"
EndProject
Global
	GlobalSection(SolutionConfigurationPlatforms) = preSolution
		Debug|Any CPU = Debug|Any CPU
		Release|Any CPU = Release|Any CPU
	EndGlobalSection
	GlobalSection(ProjectConfigurationPlatforms) = postSolution
		{A32C8571-5913-4A6A-9FB3-2F3876FCBE54}.Debug|Any CPU.ActiveCfg = Debug|Any CPU
		{A32C8571-5913-4A6A-9FB3-2F3876FCBE54}.Debug|Any CPU.Build.0 = Debug|Any CPU
		{A32C8571-5913-4A6A-9FB3-2F3876FCBE54}.Release|Any CPU.ActiveCfg = Release|Any CPU
		{A32C8571-5913-4A6A-9FB3-2F3876FCBE54}.Release|Any CPU.Build.0 = Release|Any CPU
		{C67E0311-54B9-4759-B8FD-80F8426FA793}.Debug|Any CPU.ActiveCfg = Debug|Any CPU
		{C67E0311-54B9-4759-B8FD-80F8426FA793}.Debug|Any CPU.Build.0 = Debug|Any CPU
		{C67E0311-54B9-4759-B8FD-80F8426FA793}.Release|Any CPU.ActiveCfg = Release|Any CPU
		{C67E0311-54B9-4759-B8FD-80F8426FA793}.Release|Any CPU.Build.0 = Release|Any CPU
	EndGlobalSection
	GlobalSection(SolutionProperties) = preSolution
		HideSolutionNode = FALSE
	EndGlobalSection
	GlobalSection(ExtensibilityGlobals) = postSolution
		SolutionGuid = {D7CF59B8-1D6B-44B5-BB6A-385BA07E6FD6}
	EndGlobalSection
EndGlobal
